
Microsoft Visual Studio Solution File, Format Version 12.00
# Visual Studio 2013
VisualStudioVersion = 12.0.30723.0
MinimumVisualStudioVersion = 10.0.40219.1
Project("{FAE04EC0-301F-11D3-BF4B-00C04F79EFBC}") = "PNNLOmics", "PNNLOmics\PNNLOmics.csproj", "{8A934DC1-3418-449F-ADF6-9962499F49B2}"
EndProject
Project("{FAE04EC0-301F-11D3-BF4B-00C04F79EFBC}") = "PNNLOmics.UnitTests", "PNNLOmics.UnitTests\PNNLOmics.UnitTests.csproj", "{9DE80954-0823-4186-83F2-AA9DF568B61A}"
EndProject
Project("{FAE04EC0-301F-11D3-BF4B-00C04F79EFBC}") = "PNNLOmicsIO", "PNNLOmicsIO\PNNLOmicsIO.csproj", "{20D49543-CD31-44D2-8403-F045B3FB363D}"
EndProject
Project("{FAE04EC0-301F-11D3-BF4B-00C04F79EFBC}") = "PNNLOmicsViz", "PNNLOmicsViz\PNNLOmicsViz\PNNLOmicsViz.csproj", "{6F933E2A-AEA8-43E1-A8E1-5F9207704B21}"
EndProject
Global
	GlobalSection(SolutionConfigurationPlatforms) = preSolution
		Debug|Any CPU = Debug|Any CPU
		Release|Any CPU = Release|Any CPU
	EndGlobalSection
	GlobalSection(ProjectConfigurationPlatforms) = postSolution
		{8A934DC1-3418-449F-ADF6-9962499F49B2}.Debug|Any CPU.ActiveCfg = Debug|Any CPU
		{8A934DC1-3418-449F-ADF6-9962499F49B2}.Debug|Any CPU.Build.0 = Debug|Any CPU
		{8A934DC1-3418-449F-ADF6-9962499F49B2}.Release|Any CPU.ActiveCfg = Release|Any CPU
		{8A934DC1-3418-449F-ADF6-9962499F49B2}.Release|Any CPU.Build.0 = Release|Any CPU
		{9DE80954-0823-4186-83F2-AA9DF568B61A}.Debug|Any CPU.ActiveCfg = Debug|Any CPU
		{9DE80954-0823-4186-83F2-AA9DF568B61A}.Release|Any CPU.ActiveCfg = Release|Any CPU
		{20D49543-CD31-44D2-8403-F045B3FB363D}.Debug|Any CPU.ActiveCfg = Debug|Any CPU
		{20D49543-CD31-44D2-8403-F045B3FB363D}.Debug|Any CPU.Build.0 = Debug|Any CPU
		{20D49543-CD31-44D2-8403-F045B3FB363D}.Release|Any CPU.ActiveCfg = Release|Any CPU
		{20D49543-CD31-44D2-8403-F045B3FB363D}.Release|Any CPU.Build.0 = Release|Any CPU
		{6F933E2A-AEA8-43E1-A8E1-5F9207704B21}.Debug|Any CPU.ActiveCfg = Debug|Any CPU
		{6F933E2A-AEA8-43E1-A8E1-5F9207704B21}.Debug|Any CPU.Build.0 = Debug|Any CPU
		{6F933E2A-AEA8-43E1-A8E1-5F9207704B21}.Release|Any CPU.ActiveCfg = Release|Any CPU
		{6F933E2A-AEA8-43E1-A8E1-5F9207704B21}.Release|Any CPU.Build.0 = Release|Any CPU
	EndGlobalSection
	GlobalSection(SolutionProperties) = preSolution
		HideSolutionNode = FALSE
	EndGlobalSection
EndGlobal
